PODS:
  - Alamofire (5.10.2)
  - AppAuth (1.7.6):
    - AppAuth/Core (= 1.7.6)
    - AppAuth/ExternalUserAgent (= 1.7.6)
  - AppAuth/Core (1.7.6)
  - AppAuth/ExternalUserAgent (1.7.6):
    - AppAuth/Core
  - AppCheckCore (11.2.0):
    - GoogleUtilities/Environment (~> 8.0)
    - GoogleUtilities/UserDefaults (~> 8.0)
    - PromisesObjC (~> 2.4)
  - FacebookCore (0.9.0):
    - FBSDKCoreKit (~> 5.0)
  - FacebookLogin (0.9.0):
    - FacebookCore (~> 0.9.0)
    - FBSDKCoreKit (~> 5.0)
    - FBSDKLoginKit (~> 5.0)
  - FBSDKCoreKit (5.15.1):
    - FBSDKCoreKit/Basics (= 5.15.1)
    - FBSDKCoreKit/Core (= 5.15.1)
  - FBSDKCoreKit/Basics (5.15.1)
  - FBSDKCoreKit/Core (5.15.1):
    - FBSDKCoreKit/Basics
  - FBSDKLoginKit (5.15.1):
    - FBSDKLoginKit/Login (= 5.15.1)
  - FBSDKLoginKit/Login (5.15.1):
    - FBSDKCoreKit (~> 5.0)
  - Firebase/Auth (11.14.0):
    - Firebase/CoreOnly
    - FirebaseAuth (~> 11.14.0)
  - Firebase/Core (11.14.0):
    - Firebase/CoreOnly
    - FirebaseAnalytics (~> 11.14.0)
  - Firebase/CoreOnly (11.14.0):
    - FirebaseCore (~> 11.14.0)
  - Firebase/Database (11.14.0):
    - Firebase/CoreOnly
    - FirebaseDatabase (~> 11.14.0)
  - Firebase/DynamicLinks (11.14.0):
    - Firebase/CoreOnly
    - FirebaseDynamicLinks (~> 11.14.0)
  - Firebase/Messaging (11.14.0):
    - Firebase/CoreOnly
    - FirebaseMessaging (~> 11.14.0)
  - FirebaseAnalytics (11.14.0):
    - FirebaseAnalytics/Default (= 11.14.0)
    - FirebaseCore (~> 11.14.0)
    - FirebaseInstallations (~> 11.0)
    - GoogleUtilities/AppDelegateSwizzler (~> 8.1)
    - GoogleUtilities/MethodSwizzler (~> 8.1)
    - GoogleUtilities/Network (~> 8.1)
    - "GoogleUtilities/NSData+zlib (~> 8.1)"
    - nanopb (~> 3.30910.0)
  - FirebaseAnalytics/Default (11.14.0):
    - FirebaseCore (~> 11.14.0)
    - FirebaseInstallations (~> 11.0)
    - GoogleAppMeasurement/Default (= 11.14.0)
    - GoogleUtilities/AppDelegateSwizzler (~> 8.1)
    - GoogleUtilities/MethodSwizzler (~> 8.1)
    - GoogleUtilities/Network (~> 8.1)
    - "GoogleUtilities/NSData+zlib (~> 8.1)"
    - nanopb (~> 3.30910.0)
  - FirebaseAppCheckInterop (11.14.0)
  - FirebaseAuth (11.14.0):
    - FirebaseAppCheckInterop (~> 11.0)
    - FirebaseAuthInterop (~> 11.0)
    - FirebaseCore (~> 11.14.0)
    - FirebaseCoreExtension (~> 11.14.0)
    - GoogleUtilities/AppDelegateSwizzler (~> 8.1)
    - GoogleUtilities/Environment (~> 8.1)
    - GTMSessionFetcher/Core (< 5.0, >= 3.4)
    - RecaptchaInterop (~> 101.0)
  - FirebaseAuthInterop (11.14.0)
  - FirebaseCore (11.14.0):
    - FirebaseCoreInternal (~> 11.14.0)
    - GoogleUtilities/Environment (~> 8.1)
    - GoogleUtilities/Logger (~> 8.1)
  - FirebaseCoreExtension (11.14.0):
    - FirebaseCore (~> 11.14.0)
  - FirebaseCoreInternal (11.14.0):
    - "GoogleUtilities/NSData+zlib (~> 8.1)"
  - FirebaseDatabase (11.14.0):
    - FirebaseAppCheckInterop (~> 11.0)
    - FirebaseCore (~> 11.14.0)
    - FirebaseSharedSwift (~> 11.0)
    - GoogleUtilities/UserDefaults (~> 8.1)
    - leveldb-library (~> 1.22)
  - FirebaseDynamicLinks (11.14.0):
    - FirebaseCore (~> 11.14.0)
  - FirebaseInstallations (11.14.0):
    - FirebaseCore (~> 11.14.0)
    - GoogleUtilities/Environment (~> 8.1)
    - GoogleUtilities/UserDefaults (~> 8.1)
    - PromisesObjC (~> 2.4)
  - FirebaseMessaging (11.14.0):
    - FirebaseCore (~> 11.14.0)
    - FirebaseInstallations (~> 11.0)
    - GoogleDataTransport (~> 10.0)
    - GoogleUtilities/AppDelegateSwizzler (~> 8.1)
    - GoogleUtilities/Environment (~> 8.1)
    - GoogleUtilities/Reachability (~> 8.1)
    - GoogleUtilities/UserDefaults (~> 8.1)
    - nanopb (~> 3.30910.0)
  - FirebaseSharedSwift (11.14.0)
  - GoogleAdsOnDeviceConversion (2.0.0):
    - GoogleUtilities/Logger (~> 8.1)
    - GoogleUtilities/Network (~> 8.1)
    - nanopb (~> 3.30910.0)
  - GoogleAppMeasurement/Core (11.14.0):
    - GoogleUtilities/AppDelegateSwizzler (~> 8.1)
    - GoogleUtilities/MethodSwizzler (~> 8.1)
    - GoogleUtilities/Network (~> 8.1)
    - "GoogleUtilities/NSData+zlib (~> 8.1)"
    - nanopb (~> 3.30910.0)
  - GoogleAppMeasurement/Default (11.14.0):
    - GoogleAdsOnDeviceConversion (= 2.0.0)
    - GoogleAppMeasurement/Core (= 11.14.0)
    - GoogleAppMeasurement/IdentitySupport (= 11.14.0)
    - GoogleUtilities/AppDelegateSwizzler (~> 8.1)
    - GoogleUtilities/MethodSwizzler (~> 8.1)
    - GoogleUtilities/Network (~> 8.1)
    - "GoogleUtilities/NSData+zlib (~> 8.1)"
    - nanopb (~> 3.30910.0)
  - GoogleAppMeasurement/IdentitySupport (11.14.0):
    - GoogleAppMeasurement/Core (= 11.14.0)
    - GoogleUtilities/AppDelegateSwizzler (~> 8.1)
    - GoogleUtilities/MethodSwizzler (~> 8.1)
    - GoogleUtilities/Network (~> 8.1)
    - "GoogleUtilities/NSData+zlib (~> 8.1)"
    - nanopb (~> 3.30910.0)
  - GoogleDataTransport (10.1.0):
    - nanopb (~> 3.30910.0)
    - PromisesObjC (~> 2.4)
  - GoogleSignIn (8.0.0):
    - AppAuth (< 2.0, >= 1.7.3)
    - AppCheckCore (~> 11.0)
    - GTMAppAuth (< 5.0, >= 4.1.1)
    - GTMSessionFetcher/Core (~> 3.3)
  - GoogleUtilities/AppDelegateSwizzler (8.1.0):
    - GoogleUtilities/Environment
    - GoogleUtilities/Logger
    - GoogleUtilities/Network
    - GoogleUtilities/Privacy
  - GoogleUtilities/Environment (8.1.0):
    - GoogleUtilities/Privacy
  - GoogleUtilities/Logger (8.1.0):
    - GoogleUtilities/Environment
    - GoogleUtilities/Privacy
  - GoogleUtilities/MethodSwizzler (8.1.0):
    - GoogleUtilities/Logger
    - GoogleUtilities/Privacy
  - GoogleUtilities/Network (8.1.0):
    - GoogleUtilities/Logger
    - "GoogleUtilities/NSData+zlib"
    - GoogleUtilities/Privacy
    - GoogleUtilities/Reachability
  - "GoogleUtilities/NSData+zlib (8.1.0)":
    - GoogleUtilities/Privacy
  - GoogleUtilities/Privacy (8.1.0)
  - GoogleUtilities/Reachability (8.1.0):
    - GoogleUtilities/Logger
    - GoogleUtilities/Privacy
  - GoogleUtilities/UserDefaults (8.1.0):
    - GoogleUtilities/Logger
    - GoogleUtilities/Privacy
  - GTMAppAuth (4.1.1):
    - AppAuth/Core (~> 1.7)
    - GTMSessionFetcher/Core (< 4.0, >= 3.3)
  - GTMSessionFetcher/Core (3.5.0)
  - KCFloatingActionButton (2.2.0)
  - leveldb-library (1.22.6)
  - lottie-ios (4.5.2)
  - MaterialShowcase (0.8.0)
  - nanopb (3.30910.0):
    - nanopb/decode (= 3.30910.0)
    - nanopb/encode (= 3.30910.0)
  - nanopb/decode (3.30910.0)
  - nanopb/encode (3.30910.0)
  - PromisesObjC (2.4.0)
  - RecaptchaInterop (101.0.0)
  - SwiftyJSON (5.0.2)
  - XLPagerTabStrip (8.0.1)
  - youtube-ios-player-helper (1.0.4)

DEPENDENCIES:
  - Alamofire
  - FacebookCore
  - FacebookLogin
  - FBSDKLoginKit
  - Firebase/Auth
  - Firebase/Core
  - Firebase/Database
  - Firebase/DynamicLinks
  - Firebase/Messaging
  - GoogleSignIn
  - KCFloatingActionButton
  - lottie-ios
  - MaterialShowcase
  - SwiftyJSON
  - XLPagerTabStrip (~> 8.0.1)
  - youtube-ios-player-helper

SPEC REPOS:
  trunk:
    - Alamofire
    - AppAuth
    - AppCheckCore
    - FacebookCore
    - FacebookLogin
    - FBSDKCoreKit
    - FBSDKLoginKit
    - Firebase
    - FirebaseAnalytics
    - FirebaseAppCheckInterop
    - FirebaseAuth
    - FirebaseAuthInterop
    - FirebaseCore
    - FirebaseCoreExtension
    - FirebaseCoreInternal
    - FirebaseDatabase
    - FirebaseDynamicLinks
    - FirebaseInstallations
    - FirebaseMessaging
    - FirebaseSharedSwift
    - GoogleAdsOnDeviceConversion
    - GoogleAppMeasurement
    - GoogleDataTransport
    - GoogleSignIn
    - GoogleUtilities
    - GTMAppAuth
    - GTMSessionFetcher
    - KCFloatingActionButton
    - leveldb-library
    - lottie-ios
    - MaterialShowcase
    - nanopb
    - PromisesObjC
    - RecaptchaInterop
    - SwiftyJSON
    - XLPagerTabStrip
    - youtube-ios-player-helper

SPEC CHECKSUMS:
  Alamofire: 7193b3b92c74a07f85569e1a6c4f4237291e7496
  AppAuth: d4f13a8fe0baf391b2108511793e4b479691fb73
  AppCheckCore: cc8fd0a3a230ddd401f326489c99990b013f0c4f
  FacebookCore: ba86524b66cfa86d0f8e65d08faa8504a9f732dd
  FacebookLogin: 6cee9fd6e1fe976fe8f7eec199e27b28b14f5d63
  FBSDKCoreKit: 1d5acf7c9d7a2f92bb1a242dc60cae5b7adb91df
  FBSDKLoginKit: f1ea8026a58b52d30c9f2e6a58ca7d813619fb83
  Firebase: 38f818b36ca01648fa78ec7402b4ee3076086c2b
  FirebaseAnalytics: d604dc875290f0213b9ead8a4692cf1e91e024d9
  FirebaseAppCheckInterop: a92ba81d0ee3c4cddb1a2e52c668ea51dc63c3ae
  FirebaseAuth: 657b7e792d60e9fdb87408ae5ed15f4438442c1d
  FirebaseAuthInterop: e25b58ecb90f3285085fa2118861a3c9dfdc62ad
  FirebaseCore: 8fb12caed934c900218ce66a419107db74214ade
  FirebaseCoreExtension: 6af88594f639c1abb127bc096da32cf2c0dd69ff
  FirebaseCoreInternal: 6a3b668197644aa858fc4127578637c6767ba123
  FirebaseDatabase: 7c89dbfe4fc50ecb7a78171b5f7e695f223d0eec
  FirebaseDynamicLinks: 7cfc05eb8368c1d74fed039a08ffe6212b27296f
  FirebaseInstallations: 863f2846bb124331b501d29c0f17f95caa2ef6bb
  FirebaseMessaging: 61404edd221eaa09f9a733ce0fc9885f286705fe
  FirebaseSharedSwift: bdd5c8674c4712a98e70287c936bc5cca5d640f6
  GoogleAdsOnDeviceConversion: 5c3c8de58786e7d0a4bdecbd32c16f87d815cc9f
  GoogleAppMeasurement: 078fe9bfeed8e398253772ce81ef8690b0413b45
  GoogleDataTransport: aae35b7ea0c09004c3797d53c8c41f66f219d6a7
  GoogleSignIn: ce8c89bb9b37fb624b92e7514cc67335d1e277e4
  GoogleUtilities: 00c88b9a86066ef77f0da2fab05f65d7768ed8e1
  GTMAppAuth: f69bd07d68cd3b766125f7e072c45d7340dea0de
  GTMSessionFetcher: 5aea5ba6bd522a239e236100971f10cb71b96ab6
  KCFloatingActionButton: 8c71fa25774e422c8d407f82b4b27809d0cd5233
  leveldb-library: cc8b8f8e013647a295ad3f8cd2ddf49a6f19be19
  lottie-ios: 96784afc26ea031d3e2b6cae342a4b8915072489
  MaterialShowcase: 0c0cef713a6504cd2a76a5d047bcb2787944a318
  nanopb: fad817b59e0457d11a5dfbde799381cd727c1275
  PromisesObjC: f5707f49cb48b9636751c5b2e7d227e43fba9f47
  RecaptchaInterop: 11e0b637842dfb48308d242afc3f448062325aba
  SwiftyJSON: f5b1bf1cd8dd53cd25887ac0eabcfd92301c6a5a
  XLPagerTabStrip: c908b17cbf42fcd2598ee1adfc49bae25444d88a
  youtube-ios-player-helper: e9b97535e816db3152179d84d999bc1807ecd689

PODFILE CHECKSUM: 7d03d28dfc8049c546ca60bf1fb23175576d102a

COCOAPODS: 1.16.2
